
Microsoft Visual Studio Solution File, Format Version 12.00
# Visual Studio Version 16
VisualStudioVersion = 16.0.29709.97
MinimumVisualStudioVersion = 10.0.40219.1
Project("{888888A0-9F3D-457C-B088-3A5042F75D52}") = "Hackathon", "Hackathon\Hackathon.pyproj", "{FF19B14D-D073-4E53-A677-B687D343F720}"
EndProject
Global
	GlobalSection(SolutionConfigurationPlatforms) = preSolution
		Debug|Any CPU = Debug|Any CPU
		Release|Any CPU = Release|Any CPU
	EndGlobalSection
	GlobalSection(ProjectConfigurationPlatforms) = postSolution
		{FF19B14D-D073-4E53-A677-B687D343F720}.Debug|Any CPU.ActiveCfg = Debug|Any CPU
		{FF19B14D-D073-4E53-A677-B687D343F720}.Release|Any CPU.ActiveCfg = Release|Any CPU
	EndGlobalSection
	GlobalSection(SolutionProperties) = preSolution
		HideSolutionNode = FALSE
	EndGlobalSection
	GlobalSection(ExtensibilityGlobals) = postSolution
		SolutionGuid = {C2E42762-7E67-4628-8188-ECCD4E62BE63}
	EndGlobalSection
EndGlobal
